
Microsoft Visual Studio Solution File, Format Version 12.00
# Visual Studio 15
VisualStudioVersion = 15.0.28307.168
MinimumVisualStudioVersion = 10.0.40219.1
Project("{9A19103F-16F7-4668-BE54-9A1E7A4F7556}") = "RedTarn.Selenium.Core", "..\..\src\Redtarn.Selenium.Core\RedTarn.Selenium.Core.csproj", "{AEA073F7-206F-4F36-8DEB-B285024B81A2}"
EndProject
Project("{9A19103F-16F7-4668-BE54-9A1E7A4F7556}") = "RedTarn.Selenium.Core.NUnitExample", "RedTarn.Selenium.Core.NUnitExample.csproj", "{BA4B4060-6690-4B72-9C21-2379C588E494}"
EndProject
Global
	GlobalSection(SolutionConfigurationPlatforms) = preSolution
		Debug|Any CPU = Debug|Any CPU
		Release|Any CPU = Release|Any CPU
	EndGlobalSection
	GlobalSection(ProjectConfigurationPlatforms) = postSolution
		{AEA073F7-206F-4F36-8DEB-B285024B81A2}.Debug|Any CPU.ActiveCfg = Debug|Any CPU
		{AEA073F7-206F-4F36-8DEB-B285024B81A2}.Debug|Any CPU.Build.0 = Debug|Any CPU
		{AEA073F7-206F-4F36-8DEB-B285024B81A2}.Release|Any CPU.ActiveCfg = Release|Any CPU
		{AEA073F7-206F-4F36-8DEB-B285024B81A2}.Release|Any CPU.Build.0 = Release|Any CPU
		{BA4B4060-6690-4B72-9C21-2379C588E494}.Debug|Any CPU.ActiveCfg = Debug|Any CPU
		{BA4B4060-6690-4B72-9C21-2379C588E494}.Debug|Any CPU.Build.0 = Debug|Any CPU
		{BA4B4060-6690-4B72-9C21-2379C588E494}.Release|Any CPU.ActiveCfg = Release|Any CPU
		{BA4B4060-6690-4B72-9C21-2379C588E494}.Release|Any CPU.Build.0 = Release|Any CPU
	EndGlobalSection
	GlobalSection(SolutionProperties) = preSolution
		HideSolutionNode = FALSE
	EndGlobalSection
	GlobalSection(ExtensibilityGlobals) = postSolution
		SolutionGuid = {32114DE9-59F9-427D-BC76-CC549AC8C426}
	EndGlobalSection
EndGlobal
